// !$*UTF8*$!
{
	archiveVersion = 1;
	classes = {
	};
	objectVersion = 56;
	objects = {

/* Begin PBXBuildFile section */
		D73C708C28EDAC1500A02891 /* ViewModel.swift in Sources */ = {isa = PBXBuildFile; fileRef = D73C708B28EDAC1500A02891 /* ViewModel.swift */; };
		D77C215D2937ECEA000387D4 /* Images.swift in Sources */ = {isa = PBXBuildFile; fileRef = D77C215C2937ECEA000387D4 /* Images.swift */; };
		D7F3B01028E48C060021EFA0 /* SearchableToolsApp.swift in Sources */ = {isa = PBXBuildFile; fileRef = D7F3B00F28E48C060021EFA0 /* SearchableToolsApp.swift */; };
		D7F3B01228E48C060021EFA0 /* ContentView.swift in Sources */ = {isa = PBXBuildFile; fileRef = D7F3B01128E48C060021EFA0 /* ContentView.swift */; };
		D7F3B01428E48C070021EFA0 /* Assets.xcassets in Resources */ = {isa = PBXBuildFile; fileRef = D7F3B01328E48C070021EFA0 /* Assets.xcassets */; };
		D7F3B01728E48C070021EFA0 /* Preview Assets.xcassets in Resources */ = {isa = PBXBuildFile; fileRef = D7F3B01628E48C070021EFA0 /* Preview Assets.xcassets */; };
		D7F3B02128E48C070021EFA0 /* SearchableToolsTests.swift in Sources */ = {isa = PBXBuildFile; fileRef = D7F3B02028E48C070021EFA0 /* SearchableToolsTests.swift */; };
		D7F3B02B28E48C070021EFA0 /* SearchableToolsUITests.swift in Sources */ = {isa = PBXBuildFile; fileRef = D7F3B02A28E48C070021EFA0 /* SearchableToolsUITests.swift */; };
		D7F3B02D28E48C070021EFA0 /* SearchableToolsUITestsLaunchTests.swift in Sources */ = {isa = PBXBuildFile; fileRef = D7F3B02C28E48C070021EFA0 /* SearchableToolsUITestsLaunchTests.swift */; };
		D7FD5E7A293E568300F4DCDB /* UnitTestViewModel.swift in Sources */ = {isa = PBXBuildFile; fileRef = D7FD5E79293E568300F4DCDB /* UnitTestViewModel.swift */; };
/* End PBXBuildFile section */

/* Begin PBXContainerItemProxy section */
		D7F3B01D28E48C070021EFA0 /* PBXContainerItemProxy */ = {
			isa = PBXContainerItemProxy;
			containerPortal = D7F3B00428E48C060021EFA0 /* Project object */;
			proxyType = 1;
			remoteGlobalIDString = D7F3B00B28E48C060021EFA0;
			remoteInfo = SearchableTools;
		};
		D7F3B02728E48C070021EFA0 /* PBXContainerItemProxy */ = {
			isa = PBXContainerItemProxy;
			containerPortal = D7F3B00428E48C060021EFA0 /* Project object */;
			proxyType = 1;
			remoteGlobalIDString = D7F3B00B28E48C060021EFA0;
			remoteInfo = SearchableTools;
		};
/* End PBXContainerItemProxy section */

/* Begin PBXFileReference section */
		D73C708B28EDAC1500A02891 /* ViewModel.swift */ = {isa = PBXFileReference; lastKnownFileType = sourcecode.swift; path = ViewModel.swift; sourceTree = "<group>"; };
		D77C215C2937ECEA000387D4 /* Images.swift */ = {isa = PBXFileReference; lastKnownFileType = sourcecode.swift; path = Images.swift; sourceTree = "<group>"; };
		D7F3B00C28E48C060021EFA0 /* SearchableTools.app */ = {isa = PBXFileReference; explicitFileType = wrapper.application; includeInIndex = 0; path = SearchableTools.app; sourceTree = BUILT_PRODUCTS_DIR; };
		D7F3B00F28E48C060021EFA0 /* SearchableToolsApp.swift */ = {isa = PBXFileReference; lastKnownFileType = sourcecode.swift; path = SearchableToolsApp.swift; sourceTree = "<group>"; };
		D7F3B01128E48C060021EFA0 /* ContentView.swift */ = {isa = PBXFileReference; lastKnownFileType = sourcecode.swift; path = ContentView.swift; sourceTree = "<group>"; };
		D7F3B01328E48C070021EFA0 /* Assets.xcassets */ = {isa = PBXFileReference; lastKnownFileType = folder.assetcatalog; path = Assets.xcassets; sourceTree = "<group>"; };
		D7F3B01628E48C070021EFA0 /* Preview Assets.xcassets */ = {isa = PBXFileReference; lastKnownFileType = folder.assetcatalog; path = "Preview Assets.xcassets"; sourceTree = "<group>"; };
		D7F3B01C28E48C070021EFA0 /* SearchableToolsTests.xctest */ = {isa = PBXFileReference; explicitFileType = wrapper.cfbundle; includeInIndex = 0; path = SearchableToolsTests.xctest; sourceTree = BUILT_PRODUCTS_DIR; };
		D7F3B02028E48C070021EFA0 /* SearchableToolsTests.swift */ = {isa = PBXFileReference; lastKnownFileType = sourcecode.swift; path = SearchableToolsTests.swift; sourceTree = "<group>"; };
		D7F3B02628E48C070021EFA0 /* SearchableToolsUITests.xctest */ = {isa = PBXFileReference; explicitFileType = wrapper.cfbundle; includeInIndex = 0; path = SearchableToolsUITests.xctest; sourceTree = BUILT_PRODUCTS_DIR; };
		D7F3B02A28E48C070021EFA0 /* SearchableToolsUITests.swift */ = {isa = PBXFileReference; lastKnownFileType = sourcecode.swift; path = SearchableToolsUITests.swift; sourceTree = "<group>"; };
		D7F3B02C28E48C070021EFA0 /* SearchableToolsUITestsLaunchTests.swift */ = {isa = PBXFileReference; lastKnownFileType = sourcecode.swift; path = SearchableToolsUITestsLaunchTests.swift; sourceTree = "<group>"; };
		D7FD5E79293E568300F4DCDB /* UnitTestViewModel.swift */ = {isa = PBXFileReference; lastKnownFileType = sourcecode.swift; path = UnitTestViewModel.swift; sourceTree = "<group>"; };
/* End PBXFileReference section */

/* Begin PBXFrameworksBuildPhase section */
		D7F3B00928E48C060021EFA0 /* Frameworks */ = {
			isa = PBXFrameworksBuildPhase;
			buildActionMask = 2147483647;
			files = (
			);
			runOnlyForDeploymentPostprocessing = 0;
		};
		D7F3B01928E48C070021EFA0 /* Frameworks */ = {
			isa = PBXFrameworksBuildPhase;
			buildActionMask = 2147483647;
			files = (
			);
			runOnlyForDeploymentPostprocessing = 0;
		};
		D7F3B02328E48C070021EFA0 /* Frameworks */ = {
			isa = PBXFrameworksBuildPhase;
			buildActionMask = 2147483647;
			files = (
			);
			runOnlyForDeploymentPostprocessing = 0;
		};
/* End PBXFrameworksBuildPhase section */

/* Begin PBXGroup section */
		D7F3B00328E48C060021EFA0 = {
			isa = PBXGroup;
			children = (
				D7F3B00E28E48C060021EFA0 /* SearchableTools */,
				D7F3B01F28E48C070021EFA0 /* SearchableToolsTests */,
				D7F3B02928E48C070021EFA0 /* SearchableToolsUITests */,
				D7F3B00D28E48C060021EFA0 /* Products */,
			);
			sourceTree = "<group>";
		};
		D7F3B00D28E48C060021EFA0 /* Products */ = {
			isa = PBXGroup;
			children = (
				D7F3B00C28E48C060021EFA0 /* SearchableTools.app */,
				D7F3B01C28E48C070021EFA0 /* SearchableToolsTests.xctest */,
				D7F3B02628E48C070021EFA0 /* SearchableToolsUITests.xctest */,
			);
			name = Products;
			sourceTree = "<group>";
		};
		D7F3B00E28E48C060021EFA0 /* SearchableTools */ = {
			isa = PBXGroup;
			children = (
				D7F3B00F28E48C060021EFA0 /* SearchableToolsApp.swift */,
				D73C708B28EDAC1500A02891 /* ViewModel.swift */,
				D7F3B01128E48C060021EFA0 /* ContentView.swift */,
				D77C215C2937ECEA000387D4 /* Images.swift */,
				D7F3B01328E48C070021EFA0 /* Assets.xcassets */,
				D7F3B01528E48C070021EFA0 /* Preview Content */,
			);
			path = SearchableTools;
			sourceTree = "<group>";
		};
		D7F3B01528E48C070021EFA0 /* Preview Content */ = {
			isa = PBXGroup;
			children = (
				D7F3B01628E48C070021EFA0 /* Preview Assets.xcassets */,
			);
			path = "Preview Content";
			sourceTree = "<group>";
		};
		D7F3B01F28E48C070021EFA0 /* SearchableToolsTests */ = {
			isa = PBXGroup;
			children = (
				D7F3B02028E48C070021EFA0 /* SearchableToolsTests.swift */,
				D7FD5E79293E568300F4DCDB /* UnitTestViewModel.swift */,
			);
			path = SearchableToolsTests;
			sourceTree = "<group>";
		};
		D7F3B02928E48C070021EFA0 /* SearchableToolsUITests */ = {
			isa = PBXGroup;
			children = (
				D7F3B02A28E48C070021EFA0 /* SearchableToolsUITests.swift */,
				D7F3B02C28E48C070021EFA0 /* SearchableToolsUITestsLaunchTests.swift */,
			);
			path = SearchableToolsUITests;
			sourceTree = "<group>";
		};
/* End PBXGroup section */

/* Begin PBXNativeTarget section */
		D7F3B00B28E48C060021EFA0 /* SearchableTools */ = {
			isa = PBXNativeTarget;
			buildConfigurationList = D7F3B03028E48C070021EFA0 /* Build configuration list for PBXNativeTarget "SearchableTools" */;
			buildPhases = (
				D7F3B00828E48C060021EFA0 /* Sources */,
				D7F3B00928E48C060021EFA0 /* Frameworks */,
				D7F3B00A28E48C060021EFA0 /* Resources */,
			);
			buildRules = (
			);
			dependencies = (
			);
			name = SearchableTools;
			productName = SearchableTools;
			productReference = D7F3B00C28E48C060021EFA0 /* SearchableTools.app */;
			productType = "com.apple.product-type.application";
		};
		D7F3B01B28E48C070021EFA0 /* SearchableToolsTests */ = {
			isa = PBXNativeTarget;
			buildConfigurationList = D7F3B03328E48C070021EFA0 /* Build configuration list for PBXNativeTarget "SearchableToolsTests" */;
			buildPhases = (
				D7F3B01828E48C070021EFA0 /* Sources */,
				D7F3B01928E48C070021EFA0 /* Frameworks */,
				D7F3B01A28E48C070021EFA0 /* Resources */,
			);
			buildRules = (
			);
			dependencies = (
				D7F3B01E28E48C070021EFA0 /* PBXTargetDependency */,
			);
			name = SearchableToolsTests;
			productName = SearchableToolsTests;
			productReference = D7F3B01C28E48C070021EFA0 /* SearchableToolsTests.xctest */;
			productType = "com.apple.product-type.bundle.unit-test";
		};
		D7F3B02528E48C070021EFA0 /* SearchableToolsUITests */ = {
			isa = PBXNativeTarget;
			buildConfigurationList = D7F3B03628E48C070021EFA0 /* Build configuration list for PBXNativeTarget "SearchableToolsUITests" */;
			buildPhases = (
				D7F3B02228E48C070021EFA0 /* Sources */,
				D7F3B02328E48C070021EFA0 /* Frameworks */,
				D7F3B02428E48C070021EFA0 /* Resources */,
			);
			buildRules = (
			);
			dependencies = (
				D7F3B02828E48C070021EFA0 /* PBXTargetDependency */,
			);
			name = SearchableToolsUITests;
			productName = SearchableToolsUITests;
			productReference = D7F3B02628E48C070021EFA0 /* SearchableToolsUITests.xctest */;
			productType = "com.apple.product-type.bundle.ui-testing";
		};
/* End PBXNativeTarget section */

/* Begin PBXProject section */
		D7F3B00428E48C060021EFA0 /* Project object */ = {
			isa = PBXProject;
			attributes = {
				BuildIndependentTargetsInParallel = 1;
				LastSwiftUpdateCheck = 1400;
				LastUpgradeCheck = 1400;
				TargetAttributes = {
					D7F3B00B28E48C060021EFA0 = {
						CreatedOnToolsVersion = 14.0.1;
					};
					D7F3B01B28E48C070021EFA0 = {
						CreatedOnToolsVersion = 14.0.1;
						TestTargetID = D7F3B00B28E48C060021EFA0;
					};
					D7F3B02528E48C070021EFA0 = {
						CreatedOnToolsVersion = 14.0.1;
						TestTargetID = D7F3B00B28E48C060021EFA0;
					};
				};
			};
			buildConfigurationList = D7F3B00728E48C060021EFA0 /* Build configuration list for PBXProject "SearchableTools" */;
			compatibilityVersion = "Xcode 14.0";
			developmentRegion = en;
			hasScannedForEncodings = 0;
			knownRegions = (
				en,
				Base,
			);
			mainGroup = D7F3B00328E48C060021EFA0;
			productRefGroup = D7F3B00D28E48C060021EFA0 /* Products */;
			projectDirPath = "";
			projectRoot = "";
			targets = (
				D7F3B00B28E48C060021EFA0 /* SearchableTools */,
				D7F3B01B28E48C070021EFA0 /* SearchableToolsTests */,
				D7F3B02528E48C070021EFA0 /* SearchableToolsUITests */,
			);
		};
/* End PBXProject section */

/* Begin PBXResourcesBuildPhase section */
		D7F3B00A28E48C060021EFA0 /* Resources */ = {
			isa = PBXResourcesBuildPhase;
			buildActionMask = 2147483647;
			files = (
				D7F3B01728E48C070021EFA0 /* Preview Assets.xcassets in Resources */,
				D7F3B01428E48C070021EFA0 /* Assets.xcassets in Resources */,
			);
			runOnlyForDeploymentPostprocessing = 0;
		};
		D7F3B01A28E48C070021EFA0 /* Resources */ = {
			isa = PBXResourcesBuildPhase;
			buildActionMask = 2147483647;
			files = (
			);
			runOnlyForDeploymentPostprocessing = 0;
		};
		D7F3B02428E48C070021EFA0 /* Resources */ = {
			isa = PBXResourcesBuildPhase;
			buildActionMask = 2147483647;
			files = (
			);
			runOnlyForDeploymentPostprocessing = 0;
		};
/* End PBXResourcesBuildPhase section */

/* Begin PBXSourcesBuildPhase section */
		D7F3B00828E48C060021EFA0 /* Sources */ = {
			isa = PBXSourcesBuildPhase;
			buildActionMask = 2147483647;
			files = (
				D7F3B01228E48C060021EFA0 /* ContentView.swift in Sources */,
				D77C215D2937ECEA000387D4 /* Images.swift in Sources */,
				D73C708C28EDAC1500A02891 /* ViewModel.swift in Sources */,
				D7F3B01028E48C060021EFA0 /* SearchableToolsApp.swift in Sources */,
			);
			runOnlyForDeploymentPostprocessing = 0;
		};
		D7F3B01828E48C070021EFA0 /* Sources */ = {
			isa = PBXSourcesBuildPhase;
			buildActionMask = 2147483647;
			files = (
				D7FD5E7A293E568300F4DCDB /* UnitTestViewModel.swift in Sources */,
				D7F3B02128E48C070021EFA0 /* SearchableToolsTests.swift in Sources */,
			);
			runOnlyForDeploymentPostprocessing = 0;
		};
		D7F3B02228E48C070021EFA0 /* Sources */ = {
			isa = PBXSourcesBuildPhase;
			buildActionMask = 2147483647;
			files = (
				D7F3B02D28E48C070021EFA0 /* SearchableToolsUITestsLaunchTests.swift in Sources */,
				D7F3B02B28E48C070021EFA0 /* SearchableToolsUITests.swift in Sources */,
			);
			runOnlyForDeploymentPostprocessing = 0;
		};
/* End PBXSourcesBuildPhase section */

/* Begin PBXTargetDependency section */
		D7F3B01E28E48C070021EFA0 /* PBXTargetDependency */ = {
			isa = PBXTargetDependency;
			target = D7F3B00B28E48C060021EFA0 /* SearchableTools */;
			targetProxy = D7F3B01D28E48C070021EFA0 /* PBXContainerItemProxy */;
		};
		D7F3B02828E48C070021EFA0 /* PBXTargetDependency */ = {
			isa = PBXTargetDependency;
			target = D7F3B00B28E48C060021EFA0 /* SearchableTools */;
			targetProxy = D7F3B02728E48C070021EFA0 /* PBXContainerItemProxy */;
		};
/* End PBXTargetDependency section */

/* Begin XCBuildConfiguration section */
		D7F3B02E28E48C070021EFA0 /* Debug */ = {
			isa = XCBuildConfiguration;
			buildSettings = {
				ALWAYS_SEARCH_USER_PATHS = NO;
				CLANG_ANALYZER_NONNULL = YES;
				CLANG_ANALYZER_NUMBER_OBJECT_CONVERSION = YES_AGGRESSIVE;
				CLANG_CXX_LANGUAGE_STANDARD = "gnu++20";
				CLANG_ENABLE_MODULES = YES;
				CLANG_ENABLE_OBJC_ARC = YES;
				CLANG_ENABLE_OBJC_WEAK = YES;
				CLANG_WARN_BLOCK_CAPTURE_AUTORELEASING = YES;
				CLANG_WARN_BOOL_CONVERSION = YES;
				CLANG_WARN_COMMA = YES;
				CLANG_WARN_CONSTANT_CONVERSION = YES;
				CLANG_WARN_DEPRECATED_OBJC_IMPLEMENTATIONS = YES;
				CLANG_WARN_DIRECT_OBJC_ISA_USAGE = YES_ERROR;
				CLANG_WARN_DOCUMENTATION_COMMENTS = YES;
				CLANG_WARN_EMPTY_BODY = YES;
				CLANG_WARN_ENUM_CONVERSION = YES;
				CLANG_WARN_INFINITE_RECURSION = YES;
				CLANG_WARN_INT_CONVERSION = YES;
				CLANG_WARN_NON_LITERAL_NULL_CONVERSION = YES;
				CLANG_WARN_OBJC_IMPLICIT_RETAIN_SELF = YES;
				CLANG_WARN_OBJC_LITERAL_CONVERSION = YES;
				CLANG_WARN_OBJC_ROOT_CLASS = YES_ERROR;
				CLANG_WARN_QUOTED_INCLUDE_IN_FRAMEWORK_HEADER = YES;
				CLANG_WARN_RANGE_LOOP_ANALYSIS = YES;
				CLANG_WARN_STRICT_PROTOTYPES = YES;
				CLANG_WARN_SUSPICIOUS_MOVE = YES;
				CLANG_WARN_UNGUARDED_AVAILABILITY = YES_AGGRESSIVE;
				CLANG_WARN_UNREACHABLE_CODE = YES;
				CLANG_WARN__DUPLICATE_METHOD_MATCH = YES;
				COPY_PHASE_STRIP = NO;
				DEBUG_INFORMATION_FORMAT = dwarf;
				ENABLE_STRICT_OBJC_MSGSEND = YES;
				ENABLE_TESTABILITY = YES;
				GCC_C_LANGUAGE_STANDARD = gnu11;
				GCC_DYNAMIC_NO_PIC = NO;
				GCC_NO_COMMON_BLOCKS = YES;
				GCC_OPTIMIZATION_LEVEL = 0;
				GCC_PREPROCESSOR_DEFINITIONS = (
					"DEBUG=1",
					"$(inherited)",
				);
				GCC_WARN_64_TO_32_BIT_CONVERSION = YES;
				GCC_WARN_ABOUT_RETURN_TYPE = YES_ERROR;
				GCC_WARN_UNDECLARED_SELECTOR = YES;
				GCC_WARN_UNINITIALIZED_AUTOS = YES_AGGRESSIVE;
				GCC_WARN_UNUSED_FUNCTION = YES;
				GCC_WARN_UNUSED_VARIABLE = YES;
				IPHONEOS_DEPLOYMENT_TARGET = 16.0;
				MTL_ENABLE_DEBUG_INFO = INCLUDE_SOURCE;
				MTL_FAST_MATH = YES;
				ONLY_ACTIVE_ARCH = YES;
				SDKROOT = iphoneos;
				SWIFT_ACTIVE_COMPILATION_CONDITIONS = DEBUG;
				SWIFT_OPTIMIZATION_LEVEL = "-Onone";
			};
			name = Debug;
		};
		D7F3B02F28E48C070021EFA0 /* Release */ = {
			isa = XCBuildConfiguration;
			buildSettings = {
				ALWAYS_SEARCH_USER_PATHS = NO;
				CLANG_ANALYZER_NONNULL = YES;
				CLANG_ANALYZER_NUMBER_OBJECT_CONVERSION = YES_AGGRESSIVE;
				CLANG_CXX_LANGUAGE_STANDARD = "gnu++20";
				CLANG_ENABLE_MODULES = YES;
				CLANG_ENABLE_OBJC_ARC = YES;
				CLANG_ENABLE_OBJC_WEAK = YES;
				CLANG_WARN_BLOCK_CAPTURE_AUTORELEASING = YES;
				CLANG_WARN_BOOL_CONVERSION = YES;
				CLANG_WARN_COMMA = YES;
				CLANG_WARN_CONSTANT_CONVERSION = YES;
				CLANG_WARN_DEPRECATED_OBJC_IMPLEMENTATIONS = YES;
				CLANG_WARN_DIRECT_OBJC_ISA_USAGE = YES_ERROR;
				CLANG_WARN_DOCUMENTATION_COMMENTS = YES;
				CLANG_WARN_EMPTY_BODY = YES;
				CLANG_WARN_ENUM_CONVERSION = YES;
				CLANG_WARN_INFINITE_RECURSION = YES;
				CLANG_WARN_INT_CONVERSION = YES;
				CLANG_WARN_NON_LITERAL_NULL_CONVERSION = YES;
				CLANG_WARN_OBJC_IMPLICIT_RETAIN_SELF = YES;
				CLANG_WARN_OBJC_LITERAL_CONVERSION = YES;
				CLANG_WARN_OBJC_ROOT_CLASS = YES_ERROR;
				CLANG_WARN_QUOTED_INCLUDE_IN_FRAMEWORK_HEADER = YES;
				CLANG_WARN_RANGE_LOOP_ANALYSIS = YES;
				CLANG_WARN_STRICT_PROTOTYPES = YES;
				CLANG_WARN_SUSPICIOUS_MOVE = YES;
				CLANG_WARN_UNGUARDED_AVAILABILITY = YES_AGGRESSIVE;
				CLANG_WARN_UNREACHABLE_CODE = YES;
				CLANG_WARN__DUPLICATE_METHOD_MATCH = YES;
				COPY_PHASE_STRIP = NO;
				DEBUG_INFORMATION_FORMAT = "dwarf-with-dsym";
				ENABLE_NS_ASSERTIONS = NO;
				ENABLE_STRICT_OBJC_MSGSEND = YES;
				GCC_C_LANGUAGE_STANDARD = gnu11;
				GCC_NO_COMMON_BLOCKS = YES;
				GCC_WARN_64_TO_32_BIT_CONVERSION = YES;
				GCC_WARN_ABOUT_RETURN_TYPE = YES_ERROR;
				GCC_WARN_UNDECLARED_SELECTOR = YES;
				GCC_WARN_UNINITIALIZED_AUTOS = YES_AGGRESSIVE;
				GCC_WARN_UNUSED_FUNCTION = YES;
				GCC_WARN_UNUSED_VARIABLE = YES;
				IPHONEOS_DEPLOYMENT_TARGET = 16.0;
				MTL_ENABLE_DEBUG_INFO = NO;
				MTL_FAST_MATH = YES;
				SDKROOT = iphoneos;
				SWIFT_COMPILATION_MODE = wholemodule;
				SWIFT_OPTIMIZATION_LEVEL = "-O";
				VALIDATE_PRODUCT = YES;
			};
			name = Release;
		};
		D7F3B03128E48C070021EFA0 /* Debug */ = {
			isa = XCBuildConfiguration;
			buildSettings = {
				ASSETCATALOG_COMPILER_APPICON_NAME = AppIcon;
				ASSETCATALOG_COMPILER_GLOBAL_ACCENT_COLOR_NAME = AccentColor;
				CODE_SIGN_STYLE = Automatic;
				CURRENT_PROJECT_VERSION = 1;
				DEVELOPMENT_ASSET_PATHS = "\"SearchableTools/Preview Content\"";
				DEVELOPMENT_TEAM = 7H6A4GDJT9;
				ENABLE_PREVIEWS = YES;
				GENERATE_INFOPLIST_FILE = YES;
				INFOPLIST_KEY_UIApplicationSceneManifest_Generation = YES;
				INFOPLIST_KEY_UIApplicationSupportsIndirectInputEvents = YES;
				INFOPLIST_KEY_UILaunchScreen_Generation = YES;
				INFOPLIST_KEY_UISupportedInterfaceOrientations_iPad = "UIInterfaceOrientationPortrait UIInterfaceOrientationPortraitUpsideDown UIInterfaceOrientationLandscapeLeft UIInterfaceOrientationLandscapeRight";
				INFOPLIST_KEY_UISupportedInterfaceOrientations_iPhone = "UIInterfaceOrientationPortrait UIInterfaceOrientationLandscapeLeft UIInterfaceOrientationLandscapeRight";
				LD_RUNPATH_SEARCH_PATHS = (
					"$(inherited)",
					"@executable_path/Frameworks",
				);
				MARKETING_VERSION = 1.0;
				PRODUCT_BUNDLE_IDENTIFIER = andrestrepo95.SearchableTools;
				PRODUCT_NAME = "$(TARGET_NAME)";
				SWIFT_EMIT_LOC_STRINGS = YES;
				SWIFT_VERSION = 5.0;
				TARGETED_DEVICE_FAMILY = "1,2";
			};
			name = Debug;
		};
		D7F3B03228E48C070021EFA0 /* Release */ = {
			isa = XCBuildConfiguration;
			buildSettings = {
				ASSETCATALOG_COMPILER_APPICON_NAME = AppIcon;
				ASSETCATALOG_COMPILER_GLOBAL_ACCENT_COLOR_NAME = AccentColor;
				CODE_SIGN_STYLE = Automatic;
				CURRENT_PROJECT_VERSION = 1;
				DEVELOPMENT_ASSET_PATHS = "\"SearchableTools/Preview Content\"";
				DEVELOPMENT_TEAM = 7H6A4GDJT9;
				ENABLE_PREVIEWS = YES;
				GENERATE_INFOPLIST_FILE = YES;
				INFOPLIST_KEY_UIApplicationSceneManifest_Generation = YES;
				INFOPLIST_KEY_UIApplicationSupportsIndirectInputEvents = YES;
				INFOPLIST_KEY_UILaunchScreen_Generation = YES;
				INFOPLIST_KEY_UISupportedInterfaceOrientations_iPad = "UIInterfaceOrientationPortrait UIInterfaceOrientationPortraitUpsideDown UIInterfaceOrientationLandscapeLeft UIInterfaceOrientationLandscapeRight";
				INFOPLIST_KEY_UISupportedInterfaceOrientations_iPhone = "UIInterfaceOrientationPortrait UIInterfaceOrientationLandscapeLeft UIInterfaceOrientationLandscapeRight";
				LD_RUNPATH_SEARCH_PATHS = (
					"$(inherited)",
					"@executable_path/Frameworks",
				);
				MARKETING_VERSION = 1.0;
				PRODUCT_BUNDLE_IDENTIFIER = andrestrepo95.SearchableTools;
				PRODUCT_NAME = "$(TARGET_NAME)";
				SWIFT_EMIT_LOC_STRINGS = YES;
				SWIFT_VERSION = 5.0;
				TARGETED_DEVICE_FAMILY = "1,2";
			};
			name = Release;
		};
		D7F3B03428E48C070021EFA0 /* Debug */ = {
			isa = XCBuildConfiguration;
			buildSettings = {
				ALWAYS_EMBED_SWIFT_STANDARD_LIBRARIES = YES;
				BUNDLE_LOADER = "$(TEST_HOST)";
				CODE_SIGN_STYLE = Automatic;
				CURRENT_PROJECT_VERSION = 1;
				DEVELOPMENT_TEAM = 7H6A4GDJT9;
				GENERATE_INFOPLIST_FILE = YES;
				IPHONEOS_DEPLOYMENT_TARGET = 16.0;
				MARKETING_VERSION = 1.0;
				PRODUCT_BUNDLE_IDENTIFIER = andrestrepo95.SearchableToolsTests;
				PRODUCT_NAME = "$(TARGET_NAME)";
				SWIFT_EMIT_LOC_STRINGS = NO;
				SWIFT_VERSION = 5.0;
				TARGETED_DEVICE_FAMILY = "1,2";
				TEST_HOST = "$(BUILT_PRODUCTS_DIR)/SearchableTools.app/$(BUNDLE_EXECUTABLE_FOLDER_PATH)/SearchableTools";
			};
			name = Debug;
		};
		D7F3B03528E48C070021EFA0 /* Release */ = {
			isa = XCBuildConfiguration;
			buildSettings = {
				ALWAYS_EMBED_SWIFT_STANDARD_LIBRARIES = YES;
				BUNDLE_LOADER = "$(TEST_HOST)";
				CODE_SIGN_STYLE = Automatic;
				CURRENT_PROJECT_VERSION = 1;
				DEVELOPMENT_TEAM = 7H6A4GDJT9;
				GENERATE_INFOPLIST_FILE = YES;
				IPHONEOS_DEPLOYMENT_TARGET = 16.0;
				MARKETING_VERSION = 1.0;
				PRODUCT_BUNDLE_IDENTIFIER = andrestrepo95.SearchableToolsTests;
				PRODUCT_NAME = "$(TARGET_NAME)";
				SWIFT_EMIT_LOC_STRINGS = NO;
				SWIFT_VERSION = 5.0;
				TARGETED_DEVICE_FAMILY = "1,2";
				TEST_HOST = "$(BUILT_PRODUCTS_DIR)/SearchableTools.app/$(BUNDLE_EXECUTABLE_FOLDER_PATH)/SearchableTools";
			};
			name = Release;
		};
		D7F3B03728E48C070021EFA0 /* Debug */ = {
			isa = XCBuildConfiguration;
			buildSettings = {
				ALWAYS_EMBED_SWIFT_STANDARD_LIBRARIES = YES;
				CODE_SIGN_STYLE = Automatic;
				CURRENT_PROJECT_VERSION = 1;
				DEVELOPMENT_TEAM = 7H6A4GDJT9;
				GENERATE_INFOPLIST_FILE = YES;
				MARKETING_VERSION = 1.0;
				PRODUCT_BUNDLE_IDENTIFIER = andrestrepo95.SearchableToolsUITests;
				PRODUCT_NAME = "$(TARGET_NAME)";
				SWIFT_EMIT_LOC_STRINGS = NO;
				SWIFT_VERSION = 5.0;
				TARGETED_DEVICE_FAMILY = "1,2";
				TEST_TARGET_NAME = SearchableTools;
			};
			name = Debug;
		};
		D7F3B03828E48C070021EFA0 /* Release */ = {
			isa = XCBuildConfiguration;
			buildSettings = {
				ALWAYS_EMBED_SWIFT_STANDARD_LIBRARIES = YES;
				CODE_SIGN_STYLE = Automatic;
				CURRENT_PROJECT_VERSION = 1;
				DEVELOPMENT_TEAM = 7H6A4GDJT9;
				GENERATE_INFOPLIST_FILE = YES;
				MARKETING_VERSION = 1.0;
				PRODUCT_BUNDLE_IDENTIFIER = andrestrepo95.SearchableToolsUITests;
				PRODUCT_NAME = "$(TARGET_NAME)";
				SWIFT_EMIT_LOC_STRINGS = NO;
				SWIFT_VERSION = 5.0;
				TARGETED_DEVICE_FAMILY = "1,2";
				TEST_TARGET_NAME = SearchableTools;
			};
			name = Release;
		};
/* End XCBuildConfiguration section */

/* Begin XCConfigurationList section */
		D7F3B00728E48C060021EFA0 /* Build configuration list for PBXProject "SearchableTools" */ = {
			isa = XCConfigurationList;
			buildConfigurations = (
				D7F3B02E28E48C070021EFA0 /* Debug */,
				D7F3B02F28E48C070021EFA0 /* Release */,
			);
			defaultConfigurationIsVisible = 0;
			defaultConfigurationName = Release;
		};
		D7F3B03028E48C070021EFA0 /* Build configuration list for PBXNativeTarget "SearchableTools" */ = {
			isa = XCConfigurationList;
			buildConfigurations = (
				D7F3B03128E48C070021EFA0 /* Debug */,
				D7F3B03228E48C070021EFA0 /* Release */,
			);
			defaultConfigurationIsVisible = 0;
			defaultConfigurationName = Release;
		};
		D7F3B03328E48C070021EFA0 /* Build configuration list for PBXNativeTarget "SearchableToolsTests" */ = {
			isa = XCConfigurationList;
			buildConfigurations = (
				D7F3B03428E48C070021EFA0 /* Debug */,
				D7F3B03528E48C070021EFA0 /* Release */,
			);
			defaultConfigurationIsVisible = 0;
			defaultConfigurationName = Release;
		};
		D7F3B03628E48C070021EFA0 /* Build configuration list for PBXNativeTarget "SearchableToolsUITests" */ = {
			isa = XCConfigurationList;
			buildConfigurations = (
				D7F3B03728E48C070021EFA0 /* Debug */,
				D7F3B03828E48C070021EFA0 /* Release */,
			);
			defaultConfigurationIsVisible = 0;
			defaultConfigurationName = Release;
		};
/* End XCConfigurationList section */
	};
	rootObject = D7F3B00428E48C060021EFA0 /* Project object */;
}
